
Microsoft Visual Studio Solution File, Format Version 11.00
# Visual Studio 2010
Project("{8BC9CEB8-8B4A-11D0-8D11-00A0C91BC942}") = "smart sweepers", "smart sweepers.vcxproj", "{F545A1AE-E847-13BA-A99D-2A9848B3389E}"
EndProject
Global
	GlobalSection(SolutionConfigurationPlatforms) = preSolution
		Debug|Win32 = Debug|Win32
		Release|Win32 = Release|Win32
	EndGlobalSection
	GlobalSection(ProjectConfigurationPlatforms) = postSolution
		{F545A1AE-E847-13BA-A99D-2A9848B3389E}.Debug|Win32.ActiveCfg = Debug|Win32
		{F545A1AE-E847-13BA-A99D-2A9848B3389E}.Debug|Win32.Build.0 = Debug|Win32
		{F545A1AE-E847-13BA-A99D-2A9848B3389E}.Release|Win32.ActiveCfg = Release|Win32
		{F545A1AE-E847-13BA-A99D-2A9848B3389E}.Release|Win32.Build.0 = Release|Win32
	EndGlobalSection
	GlobalSection(SolutionProperties) = preSolution
		HideSolutionNode = FALSE
	EndGlobalSection
EndGlobal
